
Microsoft Visual Studio Solution File, Format Version 12.00
# Visual Studio Version 17
VisualStudioVersion = 17.4.33110.190
MinimumVisualStudioVersion = 10.0.40219.1
Project("{FAE04EC0-301F-11D3-BF4B-00C04F79EFBC}") = "ListaIndirizzi", "ListaIndirizzi\ListaIndirizzi.csproj", "{D88F930D-0071-4303-B791-CB199B4FA5C5}"
EndProject
Global
	GlobalSection(SolutionConfigurationPlatforms) = preSolution
		Debug|Any CPU = Debug|Any CPU
		Release|Any CPU = Release|Any CPU
	EndGlobalSection
	GlobalSection(ProjectConfigurationPlatforms) = postSolution
		{D88F930D-0071-4303-B791-CB199B4FA5C5}.Debug|Any CPU.ActiveCfg = Debug|Any CPU
		{D88F930D-0071-4303-B791-CB199B4FA5C5}.Debug|Any CPU.Build.0 = Debug|Any CPU
		{D88F930D-0071-4303-B791-CB199B4FA5C5}.Release|Any CPU.ActiveCfg = Release|Any CPU
		{D88F930D-0071-4303-B791-CB199B4FA5C5}.Release|Any CPU.Build.0 = Release|Any CPU
	EndGlobalSection
	GlobalSection(SolutionProperties) = preSolution
		HideSolutionNode = FALSE
	EndGlobalSection
	GlobalSection(ExtensibilityGlobals) = postSolution
		SolutionGuid = {FA55146A-EB52-42A3-8874-2E2FE594F7E7}
	EndGlobalSection
EndGlobal
